
Microsoft Visual Studio Solution File, Format Version 12.00
# Visual Studio 14
VisualStudioVersion = 14.0.25420.1
MinimumVisualStudioVersion = 10.0.40219.1
Project("{FAE04EC0-301F-11D3-BF4B-00C04F79EFBC}") = "Intranet", "Intranet\Intranet.csproj", "{6222976C-1F64-447A-B1AC-BC4823074FE8}"
EndProject
Project("{FAE04EC0-301F-11D3-BF4B-00C04F79EFBC}") = "ServicioWeb", "ServicioWeb\ServicioWeb.csproj", "{61DB9E61-0F45-447E-B5C8-086C0CD71B34}"
EndProject
Project("{FAE04EC0-301F-11D3-BF4B-00C04F79EFBC}") = "SuperAdmin", "SuperAdmin\SuperAdmin.csproj", "{2353D41E-34CF-4745-AB1A-309A2D71AD22}"
EndProject
Project("{FAE04EC0-301F-11D3-BF4B-00C04F79EFBC}") = "PistolaRF", "Pistola\PistolaRF.csproj", "{B9780522-0C4B-4436-B852-53785FF57BD3}"
EndProject
Project("{FAE04EC0-301F-11D3-BF4B-00C04F79EFBC}") = "ServicioWeb2", "ServicioWeb2\ServicioWeb2.csproj", "{8A992393-7BE1-4BE1-995D-05639C6977DF}"
EndProject
Project("{FAE04EC0-301F-11D3-BF4B-00C04F79EFBC}") = "Integracion", "Integracion\Integracion.csproj", "{05C159D8-7075-48F2-83E5-67751F81B49D}"
EndProject
Global
	GlobalSection(SolutionConfigurationPlatforms) = preSolution
		Debug|Any CPU = Debug|Any CPU
		Release|Any CPU = Release|Any CPU
	EndGlobalSection
	GlobalSection(ProjectConfigurationPlatforms) = postSolution
		{6222976C-1F64-447A-B1AC-BC4823074FE8}.Debug|Any CPU.ActiveCfg = Debug|Any CPU
		{6222976C-1F64-447A-B1AC-BC4823074FE8}.Debug|Any CPU.Build.0 = Debug|Any CPU
		{6222976C-1F64-447A-B1AC-BC4823074FE8}.Release|Any CPU.ActiveCfg = Release|Any CPU
		{6222976C-1F64-447A-B1AC-BC4823074FE8}.Release|Any CPU.Build.0 = Release|Any CPU
		{61DB9E61-0F45-447E-B5C8-086C0CD71B34}.Debug|Any CPU.ActiveCfg = Debug|Any CPU
		{61DB9E61-0F45-447E-B5C8-086C0CD71B34}.Debug|Any CPU.Build.0 = Debug|Any CPU
		{61DB9E61-0F45-447E-B5C8-086C0CD71B34}.Release|Any CPU.ActiveCfg = Release|Any CPU
		{61DB9E61-0F45-447E-B5C8-086C0CD71B34}.Release|Any CPU.Build.0 = Release|Any CPU
		{2353D41E-34CF-4745-AB1A-309A2D71AD22}.Debug|Any CPU.ActiveCfg = Debug|Any CPU
		{2353D41E-34CF-4745-AB1A-309A2D71AD22}.Debug|Any CPU.Build.0 = Debug|Any CPU
		{2353D41E-34CF-4745-AB1A-309A2D71AD22}.Release|Any CPU.ActiveCfg = Release|Any CPU
		{2353D41E-34CF-4745-AB1A-309A2D71AD22}.Release|Any CPU.Build.0 = Release|Any CPU
		{B9780522-0C4B-4436-B852-53785FF57BD3}.Debug|Any CPU.ActiveCfg = Debug|Any CPU
		{B9780522-0C4B-4436-B852-53785FF57BD3}.Debug|Any CPU.Build.0 = Debug|Any CPU
		{B9780522-0C4B-4436-B852-53785FF57BD3}.Release|Any CPU.ActiveCfg = Release|Any CPU
		{B9780522-0C4B-4436-B852-53785FF57BD3}.Release|Any CPU.Build.0 = Release|Any CPU
		{8A992393-7BE1-4BE1-995D-05639C6977DF}.Debug|Any CPU.ActiveCfg = Debug|Any CPU
		{8A992393-7BE1-4BE1-995D-05639C6977DF}.Debug|Any CPU.Build.0 = Debug|Any CPU
		{8A992393-7BE1-4BE1-995D-05639C6977DF}.Release|Any CPU.ActiveCfg = Release|Any CPU
		{8A992393-7BE1-4BE1-995D-05639C6977DF}.Release|Any CPU.Build.0 = Release|Any CPU
		{05C159D8-7075-48F2-83E5-67751F81B49D}.Debug|Any CPU.ActiveCfg = Debug|Any CPU
		{05C159D8-7075-48F2-83E5-67751F81B49D}.Debug|Any CPU.Build.0 = Debug|Any CPU
		{05C159D8-7075-48F2-83E5-67751F81B49D}.Release|Any CPU.ActiveCfg = Release|Any CPU
		{05C159D8-7075-48F2-83E5-67751F81B49D}.Release|Any CPU.Build.0 = Release|Any CPU
	EndGlobalSection
	GlobalSection(SolutionProperties) = preSolution
		HideSolutionNode = FALSE
	EndGlobalSection
	GlobalSection(SubversionScc) = preSolution
		Svn-Managed = True
		Manager = AnkhSVN - Subversion Support for Visual Studio
	EndGlobalSection
EndGlobal
